# generated by rye
# use `rye lock` or `rye sync` to update this lockfile
#
# last locked with the following flags:
#   pre: false
#   features: []
#   all-features: false

-e file:.
bandit==1.7.5
black==23.7.0
certifi==2023.7.22
cfgv==3.4.0
charset-normalizer==3.2.0
click==8.1.7
colorama==0.4.6
distlib==0.3.7
filelock==3.12.3
gitdb==4.0.10
gitpython==3.1.34
identify==2.5.27
idna==3.4
markdown-it-py==3.0.0
mdurl==0.1.2
mypy==1.5.1
mypy-extensions==1.0.0
nodeenv==1.8.0
packaging==23.1
pathspec==0.11.2
pbr==5.11.1
platformdirs==3.10.0
pre-commit==3.4.0
pygments==2.16.1
pyyaml==6.0.1
requests==2.31.0
rich==13.5.2
shellingham==1.5.3
smmap==5.0.0
stevedore==5.1.0
typer==0.9.0
types-requests==2.31.0.2
types-urllib3==1.26.25.14
typing-extensions==4.7.1
urllib3==2.0.4
virtualenv==20.24.4
# The following packages are considered to be unsafe in a requirements file:
setuptools==68.1.2
